Microsoft Visual Studio Solution File, Format Version 12.00
# Visual Studio Version 17
VisualStudioVersion = 17.5.2.0
MinimumVisualStudioVersion = 10.0.40219.1
Project("{FAE04EC0-301F-11D3-BF4B-00C04F79EFBC}") = "pigeOn-api", "pigeOn-api.csproj", "{D8AFA6D8-543A-F292-7725-CFD00FB87BE5}"
EndProject
Global
	GlobalSection(SolutionConfigurationPlatforms) = preSolution
		Debug|Any CPU = Debug|Any CPU
		Release|Any CPU = Release|Any CPU
	EndGlobalSection
	GlobalSection(ProjectConfigurationPlatforms) = postSolution
		{D8AFA6D8-543A-F292-7725-CFD00FB87BE5}.Debug|Any CPU.ActiveCfg = Debug|Any CPU
		{D8AFA6D8-543A-F292-7725-CFD00FB87BE5}.Debug|Any CPU.Build.0 = Debug|Any CPU
		{D8AFA6D8-543A-F292-7725-CFD00FB87BE5}.Release|Any CPU.ActiveCfg = Release|Any CPU
		{D8AFA6D8-543A-F292-7725-CFD00FB87BE5}.Release|Any CPU.Build.0 = Release|Any CPU
	EndGlobalSection
	GlobalSection(SolutionProperties) = preSolution
		HideSolutionNode = FALSE
	EndGlobalSection
	GlobalSection(ExtensibilityGlobals) = postSolution
		SolutionGuid = {793E2342-620B-4DB6-84EE-2090A6F130FD}
	EndGlobalSection
EndGlobal
